// !$*UTF8*$!
{
	archiveVersion = 1;
	classes = {
	};
	objectVersion = 51;
	objects = {

/* Begin PBXBuildFile section */
		FBBE1FB824F46FA30024C1A1 /* AppDelegate.swift in Sources */ = {isa = PBXBuildFile; fileRef = FBBE1FB724F46FA30024C1A1 /* AppDelegate.swift */; };
		FBBE1FBA24F46FA30024C1A1 /* ViewController.swift in Sources */ = {isa = PBXBuildFile; fileRef = FBBE1FB924F46FA30024C1A1 /* ViewController.swift */; };
		FBBE1FBD24F46FA30024C1A1 /* Main.storyboard in Resources */ = {isa = PBXBuildFile; fileRef = FBBE1FBB24F46FA30024C1A1 /* Main.storyboard */; };
		FBBE1FBF24F46FA40024C1A1 /* Assets.xcassets in Resources */ = {isa = PBXBuildFile; fileRef = FBBE1FBE24F46FA40024C1A1 /* Assets.xcassets */; };
		FBBE1FC224F46FA40024C1A1 /* LaunchScreen.storyboard in Resources */ = {isa = PBXBuildFile; fileRef = FBBE1FC024F46FA40024C1A1 /* LaunchScreen.storyboard */; };
		FBBE1FCA24F4701E0024C1A1 /* Drink.swift in Sources */ = {isa = PBXBuildFile; fileRef = FBBE1FC924F4701E0024C1A1 /* Drink.swift */; };
		FBBE1FCC24F470360024C1A1 /* DrinkCell.swift in Sources */ = {isa = PBXBuildFile; fileRef = FBBE1FCB24F470360024C1A1 /* DrinkCell.swift */; };
		FBF3A5D524F5AB5300FC59FC /* DescriptionController.swift in Sources */ = {isa = PBXBuildFile; fileRef = FBF3A5D424F5AB5300FC59FC /* DescriptionController.swift */; };
/* End PBXBuildFile section */

/* Begin PBXFileReference section */
		FBBE1FB424F46FA30024C1A1 /* Drink Menu API.app */ = {isa = PBXFileReference; explicitFileType = wrapper.application; includeInIndex = 0; path = "Drink Menu API.app"; sourceTree = BUILT_PRODUCTS_DIR; };
		FBBE1FB724F46FA30024C1A1 /* AppDelegate.swift */ = {isa = PBXFileReference; lastKnownFileType = sourcecode.swift; path = AppDelegate.swift; sourceTree = "<group>"; };
		FBBE1FB924F46FA30024C1A1 /* ViewController.swift */ = {isa = PBXFileReference; lastKnownFileType = sourcecode.swift; path = ViewController.swift; sourceTree = "<group>"; };
		FBBE1FBC24F46FA30024C1A1 /* Base */ = {isa = PBXFileReference; lastKnownFileType = file.storyboard; name = Base; path = Base.lproj/Main.storyboard; sourceTree = "<group>"; };
		FBBE1FBE24F46FA40024C1A1 /* Assets.xcassets */ = {isa = PBXFileReference; lastKnownFileType = folder.assetcatalog; path = Assets.xcassets; sourceTree = "<group>"; };
		FBBE1FC124F46FA40024C1A1 /* Base */ = {isa = PBXFileReference; lastKnownFileType = file.storyboard; name = Base; path = Base.lproj/LaunchScreen.storyboard; sourceTree = "<group>"; };
		FBBE1FC324F46FA40024C1A1 /* Info.plist */ = {isa = PBXFileReference; lastKnownFileType = text.plist.xml; path = Info.plist; sourceTree = "<group>"; };
		FBBE1FC924F4701E0024C1A1 /* Drink.swift */ = {isa = PBXFileReference; lastKnownFileType = sourcecode.swift; path = Drink.swift; sourceTree = "<group>"; };
		FBBE1FCB24F470360024C1A1 /* DrinkCell.swift */ = {isa = PBXFileReference; lastKnownFileType = sourcecode.swift; path = DrinkCell.swift; sourceTree = "<group>"; };
		FBF3A5D424F5AB5300FC59FC /* DescriptionController.swift */ = {isa = PBXFileReference; lastKnownFileType = sourcecode.swift; path = DescriptionController.swift; sourceTree = "<group>"; };
/* End PBXFileReference section */

/* Begin PBXFrameworksBuildPhase section */
		FBBE1FB124F46FA30024C1A1 /* Frameworks */ = {
			isa = PBXFrameworksBuildPhase;
			buildActionMask = 2147483647;
			files = (
			);
			runOnlyForDeploymentPostprocessing = 0;
		};
/* End PBXFrameworksBuildPhase section */

/* Begin PBXGroup section */
		FBBE1FAB24F46FA30024C1A1 = {
			isa = PBXGroup;
			children = (
				FBBE1FB624F46FA30024C1A1 /* Drink Menu API */,
				FBBE1FB524F46FA30024C1A1 /* Products */,
			);
			sourceTree = "<group>";
		};
		FBBE1FB524F46FA30024C1A1 /* Products */ = {
			isa = PBXGroup;
			children = (
				FBBE1FB424F46FA30024C1A1 /* Drink Menu API.app */,
			);
			name = Products;
			sourceTree = "<group>";
		};
		FBBE1FB624F46FA30024C1A1 /* Drink Menu API */ = {
			isa = PBXGroup;
			children = (
				FBBE1FB724F46FA30024C1A1 /* AppDelegate.swift */,
				FBBE1FB924F46FA30024C1A1 /* ViewController.swift */,
				FBBE1FBB24F46FA30024C1A1 /* Main.storyboard */,
				FBF3A5D424F5AB5300FC59FC /* DescriptionController.swift */,
				FBBE1FC924F4701E0024C1A1 /* Drink.swift */,
				FBBE1FCB24F470360024C1A1 /* DrinkCell.swift */,
				FBBE1FBE24F46FA40024C1A1 /* Assets.xcassets */,
				FBBE1FC024F46FA40024C1A1 /* LaunchScreen.storyboard */,
				FBBE1FC324F46FA40024C1A1 /* Info.plist */,
			);
			path = "Drink Menu API";
			sourceTree = "<group>";
		};
/* End PBXGroup section */

/* Begin PBXNativeTarget section */
		FBBE1FB324F46FA30024C1A1 /* Drink Menu API */ = {
			isa = PBXNativeTarget;
			buildConfigurationList = FBBE1FC624F46FA40024C1A1 /* Build configuration list for PBXNativeTarget "Drink Menu API" */;
			buildPhases = (
				FBBE1FB024F46FA30024C1A1 /* Sources */,
				FBBE1FB124F46FA30024C1A1 /* Frameworks */,
				FBBE1FB224F46FA30024C1A1 /* Resources */,
			);
			buildRules = (
			);
			dependencies = (
			);
			name = "Drink Menu API";
			productName = "Drink Menu API";
			productReference = FBBE1FB424F46FA30024C1A1 /* Drink Menu API.app */;
			productType = "com.apple.product-type.application";
		};
/* End PBXNativeTarget section */

/* Begin PBXProject section */
		FBBE1FAC24F46FA30024C1A1 /* Project object */ = {
			isa = PBXProject;
			attributes = {
				LastSwiftUpdateCheck = 1010;
				LastUpgradeCheck = 1010;
				ORGANIZATIONNAME = KJ;
				TargetAttributes = {
					FBBE1FB324F46FA30024C1A1 = {
						CreatedOnToolsVersion = 10.1;
					};
				};
			};
			buildConfigurationList = FBBE1FAF24F46FA30024C1A1 /* Build configuration list for PBXProject "Drink Menu API" */;
			compatibilityVersion = "Xcode 10.0";
			developmentRegion = en;
			hasScannedForEncodings = 0;
			knownRegions = (
				en,
				Base,
			);
			mainGroup = FBBE1FAB24F46FA30024C1A1;
			productRefGroup = FBBE1FB524F46FA30024C1A1 /* Products */;
			projectDirPath = "";
			projectRoot = "";
			targets = (
				FBBE1FB324F46FA30024C1A1 /* Drink Menu API */,
			);
		};
/* End PBXProject section */

/* Begin PBXResourcesBuildPhase section */
		FBBE1FB224F46FA30024C1A1 /* Resources */ = {
			isa = PBXResourcesBuildPhase;
			buildActionMask = 2147483647;
			files = (
				FBBE1FC224F46FA40024C1A1 /* LaunchScreen.storyboard in Resources */,
				FBBE1FBF24F46FA40024C1A1 /* Assets.xcassets in Resources */,
				FBBE1FBD24F46FA30024C1A1 /* Main.storyboard in Resources */,
			);
			runOnlyForDeploymentPostprocessing = 0;
		};
/* End PBXResourcesBuildPhase section */

/* Begin PBXSourcesBuildPhase section */
		FBBE1FB024F46FA30024C1A1 /* Sources */ = {
			isa = PBXSourcesBuildPhase;
			buildActionMask = 2147483647;
			files = (
				FBBE1FBA24F46FA30024C1A1 /* ViewController.swift in Sources */,
				FBBE1FCA24F4701E0024C1A1 /* Drink.swift in Sources */,
				FBBE1FCC24F470360024C1A1 /* DrinkCell.swift in Sources */,
				FBBE1FB824F46FA30024C1A1 /* AppDelegate.swift in Sources */,
				FBF3A5D524F5AB5300FC59FC /* DescriptionController.swift in Sources */,
			);
			runOnlyForDeploymentPostprocessing = 0;
		};
/* End PBXSourcesBuildPhase section */

/* Begin PBXVariantGroup section */
		FBBE1FBB24F46FA30024C1A1 /* Main.storyboard */ = {
			isa = PBXVariantGroup;
			children = (
				FBBE1FBC24F46FA30024C1A1 /* Base */,
			);
			name = Main.storyboard;
			sourceTree = "<group>";
		};
		FBBE1FC024F46FA40024C1A1 /* LaunchScreen.storyboard */ = {
			isa = PBXVariantGroup;
			children = (
				FBBE1FC124F46FA40024C1A1 /* Base */,
			);
			name = LaunchScreen.storyboard;
			sourceTree = "<group>";
		};
/* End PBXVariantGroup section */

/* Begin XCBuildConfiguration section */
		FBBE1FC424F46FA40024C1A1 /* Debug */ = {
			isa = XCBuildConfiguration;
			buildSettings = {
				ALWAYS_SEARCH_USER_PATHS = NO;
				CLANG_ANALYZER_NONNULL = YES;
				CLANG_ANALYZER_NUMBER_OBJECT_CONVERSION = YES_AGGRESSIVE;
				CLANG_CXX_LANGUAGE_STANDARD = "gnu++14";
				CLANG_CXX_LIBRARY = "libc++";
				CLANG_ENABLE_MODULES = YES;
				CLANG_ENABLE_OBJC_ARC = YES;
				CLANG_ENABLE_OBJC_WEAK = YES;
				CLANG_WARN_BLOCK_CAPTURE_AUTORELEASING = YES;
				CLANG_WARN_BOOL_CONVERSION = YES;
				CLANG_WARN_COMMA = YES;
				CLANG_WARN_CONSTANT_CONVERSION = YES;
				CLANG_WARN_DEPRECATED_OBJC_IMPLEMENTATIONS = YES;
				CLANG_WARN_DIRECT_OBJC_ISA_USAGE = YES_ERROR;
				CLANG_WARN_DOCUMENTATION_COMMENTS = YES;
				CLANG_WARN_EMPTY_BODY = YES;
				CLANG_WARN_ENUM_CONVERSION = YES;
				CLANG_WARN_INFINITE_RECURSION = YES;
				CLANG_WARN_INT_CONVERSION = YES;
				CLANG_WARN_NON_LITERAL_NULL_CONVERSION = YES;
				CLANG_WARN_OBJC_IMPLICIT_RETAIN_SELF = YES;
				CLANG_WARN_OBJC_LITERAL_CONVERSION = YES;
				CLANG_WARN_OBJC_ROOT_CLASS = YES_ERROR;
				CLANG_WARN_RANGE_LOOP_ANALYSIS = YES;
				CLANG_WARN_STRICT_PROTOTYPES = YES;
				CLANG_WARN_SUSPICIOUS_MOVE = YES;
				CLANG_WARN_UNGUARDED_AVAILABILITY = YES_AGGRESSIVE;
				CLANG_WARN_UNREACHABLE_CODE = YES;
				CLANG_WARN__DUPLICATE_METHOD_MATCH = YES;
				CODE_SIGN_IDENTITY = "iPhone Developer";
				COPY_PHASE_STRIP = NO;
				DEBUG_INFORMATION_FORMAT = dwarf;
				ENABLE_STRICT_OBJC_MSGSEND = YES;
				ENABLE_TESTABILITY = YES;
				GCC_C_LANGUAGE_STANDARD = gnu11;
				GCC_DYNAMIC_NO_PIC = NO;
				GCC_NO_COMMON_BLOCKS = YES;
				GCC_OPTIMIZATION_LEVEL = 0;
				GCC_PREPROCESSOR_DEFINITIONS = (
					"DEBUG=1",
					"$(inherited)",
				);
				GCC_WARN_64_TO_32_BIT_CONVERSION = YES;
				GCC_WARN_ABOUT_RETURN_TYPE = YES_ERROR;
				GCC_WARN_UNDECLARED_SELECTOR = YES;
				GCC_WARN_UNINITIALIZED_AUTOS = YES_AGGRESSIVE;
				GCC_WARN_UNUSED_FUNCTION = YES;
				GCC_WARN_UNUSED_VARIABLE = YES;
				IPHONEOS_DEPLOYMENT_TARGET = 10.3;
				MTL_ENABLE_DEBUG_INFO = INCLUDE_SOURCE;
				MTL_FAST_MATH = YES;
				ONLY_ACTIVE_ARCH = YES;
				SDKROOT = iphoneos;
				SWIFT_ACTIVE_COMPILATION_CONDITIONS = DEBUG;
				SWIFT_OPTIMIZATION_LEVEL = "-Onone";
			};
			name = Debug;
		};
		FBBE1FC524F46FA40024C1A1 /* Release */ = {
			isa = XCBuildConfiguration;
			buildSettings = {
				ALWAYS_SEARCH_USER_PATHS = NO;
				CLANG_ANALYZER_NONNULL = YES;
				CLANG_ANALYZER_NUMBER_OBJECT_CONVERSION = YES_AGGRESSIVE;
				CLANG_CXX_LANGUAGE_STANDARD = "gnu++14";
				CLANG_CXX_LIBRARY = "libc++";
				CLANG_ENABLE_MODULES = YES;
				CLANG_ENABLE_OBJC_ARC = YES;
				CLANG_ENABLE_OBJC_WEAK = YES;
				CLANG_WARN_BLOCK_CAPTURE_AUTORELEASING = YES;
				CLANG_WARN_BOOL_CONVERSION = YES;
				CLANG_WARN_COMMA = YES;
				CLANG_WARN_CONSTANT_CONVERSION = YES;
				CLANG_WARN_DEPRECATED_OBJC_IMPLEMENTATIONS = YES;
				CLANG_WARN_DIRECT_OBJC_ISA_USAGE = YES_ERROR;
				CLANG_WARN_DOCUMENTATION_COMMENTS = YES;
				CLANG_WARN_EMPTY_BODY = YES;
				CLANG_WARN_ENUM_CONVERSION = YES;
				CLANG_WARN_INFINITE_RECURSION = YES;
				CLANG_WARN_INT_CONVERSION = YES;
				CLANG_WARN_NON_LITERAL_NULL_CONVERSION = YES;
				CLANG_WARN_OBJC_IMPLICIT_RETAIN_SELF = YES;
				CLANG_WARN_OBJC_LITERAL_CONVERSION = YES;
				CLANG_WARN_OBJC_ROOT_CLASS = YES_ERROR;
				CLANG_WARN_RANGE_LOOP_ANALYSIS = YES;
				CLANG_WARN_STRICT_PROTOTYPES = YES;
				CLANG_WARN_SUSPICIOUS_MOVE = YES;
				CLANG_WARN_UNGUARDED_AVAILABILITY = YES_AGGRESSIVE;
				CLANG_WARN_UNREACHABLE_CODE = YES;
				CLANG_WARN__DUPLICATE_METHOD_MATCH = YES;
				CODE_SIGN_IDENTITY = "iPhone Developer";
				COPY_PHASE_STRIP = NO;
				DEBUG_INFORMATION_FORMAT = "dwarf-with-dsym";
				ENABLE_NS_ASSERTIONS = NO;
				ENABLE_STRICT_OBJC_MSGSEND = YES;
				GCC_C_LANGUAGE_STANDARD = gnu11;
				GCC_NO_COMMON_BLOCKS = YES;
				GCC_WARN_64_TO_32_BIT_CONVERSION = YES;
				GCC_WARN_ABOUT_RETURN_TYPE = YES_ERROR;
				GCC_WARN_UNDECLARED_SELECTOR = YES;
				GCC_WARN_UNINITIALIZED_AUTOS = YES_AGGRESSIVE;
				GCC_WARN_UNUSED_FUNCTION = YES;
				GCC_WARN_UNUSED_VARIABLE = YES;
				IPHONEOS_DEPLOYMENT_TARGET = 10.3;
				MTL_ENABLE_DEBUG_INFO = NO;
				MTL_FAST_MATH = YES;
				SDKROOT = iphoneos;
				SWIFT_COMPILATION_MODE = wholemodule;
				SWIFT_OPTIMIZATION_LEVEL = "-O";
				VALIDATE_PRODUCT = YES;
			};
			name = Release;
		};
		FBBE1FC724F46FA40024C1A1 /* Debug */ = {
			isa = XCBuildConfiguration;
			buildSettings = {
				ASSETCATALOG_COMPILER_APPICON_NAME = AppIcon;
				CODE_SIGN_STYLE = Automatic;
				INFOPLIST_FILE = "Drink Menu API/Info.plist";
				LD_RUNPATH_SEARCH_PATHS = (
					"$(inherited)",
					"@executable_path/Frameworks",
				);
				PRODUCT_BUNDLE_IDENTIFIER = "com.kjosenenko.Drink-Menu-API";
				PRODUCT_NAME = "$(TARGET_NAME)";
				SWIFT_VERSION = 4.2;
				TARGETED_DEVICE_FAMILY = "1,2";
			};
			name = Debug;
		};
		FBBE1FC824F46FA40024C1A1 /* Release */ = {
			isa = XCBuildConfiguration;
			buildSettings = {
				ASSETCATALOG_COMPILER_APPICON_NAME = AppIcon;
				CODE_SIGN_STYLE = Automatic;
				INFOPLIST_FILE = "Drink Menu API/Info.plist";
				LD_RUNPATH_SEARCH_PATHS = (
					"$(inherited)",
					"@executable_path/Frameworks",
				);
				PRODUCT_BUNDLE_IDENTIFIER = "com.kjosenenko.Drink-Menu-API";
				PRODUCT_NAME = "$(TARGET_NAME)";
				SWIFT_VERSION = 4.2;
				TARGETED_DEVICE_FAMILY = "1,2";
			};
			name = Release;
		};
/* End XCBuildConfiguration section */

/* Begin XCConfigurationList section */
		FBBE1FAF24F46FA30024C1A1 /* Build configuration list for PBXProject "Drink Menu API" */ = {
			isa = XCConfigurationList;
			buildConfigurations = (
				FBBE1FC424F46FA40024C1A1 /* Debug */,
				FBBE1FC524F46FA40024C1A1 /* Release */,
			);
			defaultConfigurationIsVisible = 0;
			defaultConfigurationName = Release;
		};
		FBBE1FC624F46FA40024C1A1 /* Build configuration list for PBXNativeTarget "Drink Menu API" */ = {
			isa = XCConfigurationList;
			buildConfigurations = (
				FBBE1FC724F46FA40024C1A1 /* Debug */,
				FBBE1FC824F46FA40024C1A1 /* Release */,
			);
			defaultConfigurationIsVisible = 0;
			defaultConfigurationName = Release;
		};
/* End XCConfigurationList section */
	};
	rootObject = FBBE1FAC24F46FA30024C1A1 /* Project object */;
}
